
Microsoft Visual Studio Solution File, Format Version 12.00
# Visual Studio Version 16
VisualStudioVersion = 16.0.30011.22
MinimumVisualStudioVersion = 10.0.40219.1
Project("{FAE04EC0-301F-11D3-BF4B-00C04F79EFBC}") = "ExceptionsLibrary", "ExceptionsLibrary\ExceptionsLibrary.csproj", "{A07B4A3C-4DE8-45D9-938A-83823278ED9B}"
EndProject
Project("{FAE04EC0-301F-11D3-BF4B-00C04F79EFBC}") = "FrontEnd", "FrontEnd\FrontEnd.csproj", "{36A9D843-F8F3-4B30-B8DC-35D7BD9F9081}"
EndProject
Global
	GlobalSection(SolutionConfigurationPlatforms) = preSolution
		Debug|Any CPU = Debug|Any CPU
		Release|Any CPU = Release|Any CPU
	EndGlobalSection
	GlobalSection(ProjectConfigurationPlatforms) = postSolution
		{A07B4A3C-4DE8-45D9-938A-83823278ED9B}.Debug|Any CPU.ActiveCfg = Debug|Any CPU
		{A07B4A3C-4DE8-45D9-938A-83823278ED9B}.Debug|Any CPU.Build.0 = Debug|Any CPU
		{A07B4A3C-4DE8-45D9-938A-83823278ED9B}.Release|Any CPU.ActiveCfg = Release|Any CPU
		{A07B4A3C-4DE8-45D9-938A-83823278ED9B}.Release|Any CPU.Build.0 = Release|Any CPU
		{36A9D843-F8F3-4B30-B8DC-35D7BD9F9081}.Debug|Any CPU.ActiveCfg = Debug|Any CPU
		{36A9D843-F8F3-4B30-B8DC-35D7BD9F9081}.Debug|Any CPU.Build.0 = Debug|Any CPU
		{36A9D843-F8F3-4B30-B8DC-35D7BD9F9081}.Release|Any CPU.ActiveCfg = Release|Any CPU
		{36A9D843-F8F3-4B30-B8DC-35D7BD9F9081}.Release|Any CPU.Build.0 = Release|Any CPU
	EndGlobalSection
	GlobalSection(SolutionProperties) = preSolution
		HideSolutionNode = FALSE
	EndGlobalSection
	GlobalSection(ExtensibilityGlobals) = postSolution
		SolutionGuid = {CC44358C-17CC-4510-85AA-0B302B3ADE14}
	EndGlobalSection
EndGlobal
